
Microsoft Visual Studio Solution File, Format Version 12.00
# Visual Studio Version 17
VisualStudioVersion = 17.0.32112.339
MinimumVisualStudioVersion = 10.0.40219.1
Project("{9A19103F-16F7-4668-BE54-9A1E7A4F7556}") = "RestaurantsReview.Server", "Server\RestaurantsReview.Server.csproj", "{B67FBBB7-4AA4-48D5-9EC9-D529B2ADA76C}"
EndProject
Project("{2150E333-8FDC-42A3-9474-1A3956D46DE8}") = "200.Client", "200.Client", "{60DEE4B8-6EF1-49A0-9792-EA322D7C69A2}"
EndProject
Project("{2150E333-8FDC-42A3-9474-1A3956D46DE8}") = "Src", "Src", "{56D775FD-AFD7-44FA-8954-6F4250D051DB}"
EndProject
Project("{2150E333-8FDC-42A3-9474-1A3956D46DE8}") = "Tests", "Tests", "{A91CB3D6-1FD0-4674-B0C6-6A52935F2183}"
EndProject
Project("{2150E333-8FDC-42A3-9474-1A3956D46DE8}") = "300.Server", "300.Server", "{B9A684F1-9F21-451F-A9FE-60584EE58952}"
EndProject
Project("{2150E333-8FDC-42A3-9474-1A3956D46DE8}") = "Src", "Src", "{DA936244-F2F0-4E93-8048-8F48C05E1A39}"
EndProject
Project("{2150E333-8FDC-42A3-9474-1A3956D46DE8}") = "Tests", "Tests", "{BE1431E9-8431-4C2D-A731-403248D1D7A7}"
EndProject
Project("{2150E333-8FDC-42A3-9474-1A3956D46DE8}") = "400.Generators", "400.Generators", "{0C27D35A-8CB4-4169-A8DD-C2B0611EC43F}"
EndProject
Project("{2150E333-8FDC-42A3-9474-1A3956D46DE8}") = "Src", "Src", "{D0B0870E-E532-4CAC-A7C2-125FA7F56B69}"
EndProject
Project("{2150E333-8FDC-42A3-9474-1A3956D46DE8}") = "150.Database", "150.Database", "{D0BFE8B6-6662-4216-AEA0-1C674D964DB8}"
EndProject
Project("{2150E333-8FDC-42A3-9474-1A3956D46DE8}") = "Src", "Src", "{12CD3CB1-CD2A-425B-9B53-DAA01D93153C}"
EndProject
Project("{2150E333-8FDC-42A3-9474-1A3956D46DE8}") = "Tests", "Tests", "{530CFF82-F650-4A94-A79A-65B921DB874C}"
EndProject
Project("{9A19103F-16F7-4668-BE54-9A1E7A4F7556}") = "RestaurantsReview.Database", "dbRestaurantsReview\RestaurantsReview.Database.csproj", "{88637250-F4DE-49E8-81C6-8EAB3CF897A5}"
EndProject
Project("{9A19103F-16F7-4668-BE54-9A1E7A4F7556}") = "RestaurantsReview.Client", "Client\RestaurantsReview.Client.csproj", "{F149FB4B-B2F3-40D3-8C1F-4E03C7DAC5B5}"
EndProject
Project("{9A19103F-16F7-4668-BE54-9A1E7A4F7556}") = "RestaurantsReview.ClientGenerator", "ClientGenerator\RestaurantsReview.ClientGenerator.csproj", "{D5D5345A-5079-4027-AAE8-AC37820724E9}"
EndProject
Project("{2150E333-8FDC-42A3-9474-1A3956D46DE8}") = "100.Configuration", "100.Configuration", "{82684E25-A869-4A85-B9B5-93B251E94D54}"
EndProject
Project("{2150E333-8FDC-42A3-9474-1A3956D46DE8}") = "Src", "Src", "{72699D90-4D93-40A5-ACE0-C565D8FC62E0}"
EndProject
Project("{9A19103F-16F7-4668-BE54-9A1E7A4F7556}") = "RestaurantsReview.ServerTests", "ServerTests\RestaurantsReview.ServerTests.csproj", "{97BDA379-402B-494A-924A-550B8AFAC351}"
EndProject
Project("{9A19103F-16F7-4668-BE54-9A1E7A4F7556}") = "RestaurantsReview.Configuration", "Configuration\RestaurantsReview.Configuration.csproj", "{C488A896-411D-4D8C-9EA2-09EA1FDDA9C1}"
EndProject
Project("{2150E333-8FDC-42A3-9474-1A3956D46DE8}") = "Schema", "Schema", "{B495AD3D-40D9-4E89-959D-7DEF78C979B2}"
EndProject
Project("{00D1A9C2-B5F0-4AF3-8072-F6C62B433612}") = "dbRestaurantsReview.Schema", "dbRestaurantsReview.Schema\dbRestaurantsReview.Schema.sqlproj", "{9F720C91-DACE-4414-911D-9E84ABAE5A44}"
EndProject
Global
	GlobalSection(SolutionConfigurationPlatforms) = preSolution
		Debug|Any CPU = Debug|Any CPU
		Release|Any CPU = Release|Any CPU
	EndGlobalSection
	GlobalSection(ProjectConfigurationPlatforms) = postSolution
		{B67FBBB7-4AA4-48D5-9EC9-D529B2ADA76C}.Debug|Any CPU.ActiveCfg = Debug|Any CPU
		{B67FBBB7-4AA4-48D5-9EC9-D529B2ADA76C}.Debug|Any CPU.Build.0 = Debug|Any CPU
		{B67FBBB7-4AA4-48D5-9EC9-D529B2ADA76C}.Release|Any CPU.ActiveCfg = Release|Any CPU
		{B67FBBB7-4AA4-48D5-9EC9-D529B2ADA76C}.Release|Any CPU.Build.0 = Release|Any CPU
		{88637250-F4DE-49E8-81C6-8EAB3CF897A5}.Debug|Any CPU.ActiveCfg = Debug|Any CPU
		{88637250-F4DE-49E8-81C6-8EAB3CF897A5}.Debug|Any CPU.Build.0 = Debug|Any CPU
		{88637250-F4DE-49E8-81C6-8EAB3CF897A5}.Release|Any CPU.ActiveCfg = Release|Any CPU
		{88637250-F4DE-49E8-81C6-8EAB3CF897A5}.Release|Any CPU.Build.0 = Release|Any CPU
		{F149FB4B-B2F3-40D3-8C1F-4E03C7DAC5B5}.Debug|Any CPU.ActiveCfg = Debug|Any CPU
		{F149FB4B-B2F3-40D3-8C1F-4E03C7DAC5B5}.Debug|Any CPU.Build.0 = Debug|Any CPU
		{F149FB4B-B2F3-40D3-8C1F-4E03C7DAC5B5}.Release|Any CPU.ActiveCfg = Release|Any CPU
		{F149FB4B-B2F3-40D3-8C1F-4E03C7DAC5B5}.Release|Any CPU.Build.0 = Release|Any CPU
		{D5D5345A-5079-4027-AAE8-AC37820724E9}.Debug|Any CPU.ActiveCfg = Debug|Any CPU
		{D5D5345A-5079-4027-AAE8-AC37820724E9}.Debug|Any CPU.Build.0 = Debug|Any CPU
		{D5D5345A-5079-4027-AAE8-AC37820724E9}.Release|Any CPU.ActiveCfg = Release|Any CPU
		{D5D5345A-5079-4027-AAE8-AC37820724E9}.Release|Any CPU.Build.0 = Release|Any CPU
		{97BDA379-402B-494A-924A-550B8AFAC351}.Debug|Any CPU.ActiveCfg = Debug|Any CPU
		{97BDA379-402B-494A-924A-550B8AFAC351}.Debug|Any CPU.Build.0 = Debug|Any CPU
		{97BDA379-402B-494A-924A-550B8AFAC351}.Release|Any CPU.ActiveCfg = Release|Any CPU
		{97BDA379-402B-494A-924A-550B8AFAC351}.Release|Any CPU.Build.0 = Release|Any CPU
		{C488A896-411D-4D8C-9EA2-09EA1FDDA9C1}.Debug|Any CPU.ActiveCfg = Debug|Any CPU
		{C488A896-411D-4D8C-9EA2-09EA1FDDA9C1}.Debug|Any CPU.Build.0 = Debug|Any CPU
		{C488A896-411D-4D8C-9EA2-09EA1FDDA9C1}.Release|Any CPU.ActiveCfg = Release|Any CPU
		{C488A896-411D-4D8C-9EA2-09EA1FDDA9C1}.Release|Any CPU.Build.0 = Release|Any CPU
		{9F720C91-DACE-4414-911D-9E84ABAE5A44}.Debug|Any CPU.ActiveCfg = Debug|Any CPU
		{9F720C91-DACE-4414-911D-9E84ABAE5A44}.Debug|Any CPU.Build.0 = Debug|Any CPU
		{9F720C91-DACE-4414-911D-9E84ABAE5A44}.Debug|Any CPU.Deploy.0 = Debug|Any CPU
		{9F720C91-DACE-4414-911D-9E84ABAE5A44}.Release|Any CPU.ActiveCfg = Release|Any CPU
		{9F720C91-DACE-4414-911D-9E84ABAE5A44}.Release|Any CPU.Build.0 = Release|Any CPU
		{9F720C91-DACE-4414-911D-9E84ABAE5A44}.Release|Any CPU.Deploy.0 = Release|Any CPU
	EndGlobalSection
	GlobalSection(SolutionProperties) = preSolution
		HideSolutionNode = FALSE
	EndGlobalSection
	GlobalSection(NestedProjects) = preSolution
		{B67FBBB7-4AA4-48D5-9EC9-D529B2ADA76C} = {DA936244-F2F0-4E93-8048-8F48C05E1A39}
		{56D775FD-AFD7-44FA-8954-6F4250D051DB} = {60DEE4B8-6EF1-49A0-9792-EA322D7C69A2}
		{A91CB3D6-1FD0-4674-B0C6-6A52935F2183} = {60DEE4B8-6EF1-49A0-9792-EA322D7C69A2}
		{DA936244-F2F0-4E93-8048-8F48C05E1A39} = {B9A684F1-9F21-451F-A9FE-60584EE58952}
		{BE1431E9-8431-4C2D-A731-403248D1D7A7} = {B9A684F1-9F21-451F-A9FE-60584EE58952}
		{D0B0870E-E532-4CAC-A7C2-125FA7F56B69} = {0C27D35A-8CB4-4169-A8DD-C2B0611EC43F}
		{12CD3CB1-CD2A-425B-9B53-DAA01D93153C} = {D0BFE8B6-6662-4216-AEA0-1C674D964DB8}
		{530CFF82-F650-4A94-A79A-65B921DB874C} = {D0BFE8B6-6662-4216-AEA0-1C674D964DB8}
		{88637250-F4DE-49E8-81C6-8EAB3CF897A5} = {12CD3CB1-CD2A-425B-9B53-DAA01D93153C}
		{F149FB4B-B2F3-40D3-8C1F-4E03C7DAC5B5} = {56D775FD-AFD7-44FA-8954-6F4250D051DB}
		{D5D5345A-5079-4027-AAE8-AC37820724E9} = {D0B0870E-E532-4CAC-A7C2-125FA7F56B69}
		{72699D90-4D93-40A5-ACE0-C565D8FC62E0} = {82684E25-A869-4A85-B9B5-93B251E94D54}
		{97BDA379-402B-494A-924A-550B8AFAC351} = {BE1431E9-8431-4C2D-A731-403248D1D7A7}
		{C488A896-411D-4D8C-9EA2-09EA1FDDA9C1} = {72699D90-4D93-40A5-ACE0-C565D8FC62E0}
		{B495AD3D-40D9-4E89-959D-7DEF78C979B2} = {D0BFE8B6-6662-4216-AEA0-1C674D964DB8}
		{9F720C91-DACE-4414-911D-9E84ABAE5A44} = {B495AD3D-40D9-4E89-959D-7DEF78C979B2}
	EndGlobalSection
	GlobalSection(ExtensibilityGlobals) = postSolution
		SolutionGuid = {D8FA73CE-D595-40AC-8F97-09221126F4E4}
	EndGlobalSection
EndGlobal
